
Microsoft Visual Studio Solution File, Format Version 12.00
# Visual Studio Version 17
VisualStudioVersion = 17.12.35514.174 d17.12
MinimumVisualStudioVersion = 10.0.40219.1
Project("{FAE04EC0-301F-11D3-BF4B-00C04F79EFBC}") = "T4.Activitats", "T4.Activitats\T4.Activitats.csproj", "{079B47B4-FB95-4101-A9C5-1D79EDB91B69}"
EndProject
Project("{FAE04EC0-301F-11D3-BF4B-00C04F79EFBC}") = "ClassLibrary", "ClassLibrary\ClassLibrary.csproj", "{72BBF848-150F-4100-A209-9FE86804AFEF}"
EndProject
Global
	GlobalSection(SolutionConfigurationPlatforms) = preSolution
		Debug|Any CPU = Debug|Any CPU
		Release|Any CPU = Release|Any CPU
	EndGlobalSection
	GlobalSection(ProjectConfigurationPlatforms) = postSolution
		{079B47B4-FB95-4101-A9C5-1D79EDB91B69}.Debug|Any CPU.ActiveCfg = Debug|Any CPU
		{079B47B4-FB95-4101-A9C5-1D79EDB91B69}.Debug|Any CPU.Build.0 = Debug|Any CPU
		{079B47B4-FB95-4101-A9C5-1D79EDB91B69}.Release|Any CPU.ActiveCfg = Release|Any CPU
		{079B47B4-FB95-4101-A9C5-1D79EDB91B69}.Release|Any CPU.Build.0 = Release|Any CPU
		{72BBF848-150F-4100-A209-9FE86804AFEF}.Debug|Any CPU.ActiveCfg = Debug|Any CPU
		{72BBF848-150F-4100-A209-9FE86804AFEF}.Debug|Any CPU.Build.0 = Debug|Any CPU
		{72BBF848-150F-4100-A209-9FE86804AFEF}.Release|Any CPU.ActiveCfg = Release|Any CPU
		{72BBF848-150F-4100-A209-9FE86804AFEF}.Release|Any CPU.Build.0 = Release|Any CPU
	EndGlobalSection
	GlobalSection(SolutionProperties) = preSolution
		HideSolutionNode = FALSE
	EndGlobalSection
EndGlobal
