
Microsoft Visual Studio Solution File, Format Version 12.00
# Visual Studio Version 17
VisualStudioVersion = 17.12.35514.174
MinimumVisualStudioVersion = 10.0.40219.1
Project("{FAE04EC0-301F-11D3-BF4B-00C04F79EFBC}") = "MyProductsWeb", "MyProductsWeb.csproj", "{DDD8AFB0-A0C8-48E7-89DD-DF0F7BCCA476}"
EndProject
Global
	GlobalSection(SolutionConfigurationPlatforms) = preSolution
		Debug|Any CPU = Debug|Any CPU
		Release|Any CPU = Release|Any CPU
	EndGlobalSection
	GlobalSection(ProjectConfigurationPlatforms) = postSolution
		{DDD8AFB0-A0C8-48E7-89DD-DF0F7BCCA476}.Debug|Any CPU.ActiveCfg = Debug|Any CPU
		{DDD8AFB0-A0C8-48E7-89DD-DF0F7BCCA476}.Debug|Any CPU.Build.0 = Debug|Any CPU
		{DDD8AFB0-A0C8-48E7-89DD-DF0F7BCCA476}.Release|Any CPU.ActiveCfg = Release|Any CPU
		{DDD8AFB0-A0C8-48E7-89DD-DF0F7BCCA476}.Release|Any CPU.Build.0 = Release|Any CPU
	EndGlobalSection
	GlobalSection(SolutionProperties) = preSolution
		HideSolutionNode = FALSE
	EndGlobalSection
EndGlobal
